// !$*UTF8*$!
{
	archiveVersion = 1;
	classes = {
	};
	objectVersion = 50;
	objects = {

/* Begin PBXBuildFile section */
		39CDFAC9211EEB0C0070839E /* AppDelegate.swift in Sources */ = {isa = PBXBuildFile; fileRef = 39CDFAC8211EEB0C0070839E /* AppDelegate.swift */; };
		39CDFACE211EEB0C0070839E /* Main.storyboard in Resources */ = {isa = PBXBuildFile; fileRef = 39CDFACC211EEB0C0070839E /* Main.storyboard */; };
		39CDFAD0211EEB0D0070839E /* Assets.xcassets in Resources */ = {isa = PBXBuildFile; fileRef = 39CDFACF211EEB0D0070839E /* Assets.xcassets */; };
		39CDFAD3211EEB0D0070839E /* LaunchScreen.storyboard in Resources */ = {isa = PBXBuildFile; fileRef = 39CDFAD1211EEB0D0070839E /* LaunchScreen.storyboard */; };
		39CDFADC211EEB4F0070839E /* DataCell.swift in Sources */ = {isa = PBXBuildFile; fileRef = 39CDFADA211EEB4F0070839E /* DataCell.swift */; };
		39CDFADD211EEB4F0070839E /* DataCell.xib in Resources */ = {isa = PBXBuildFile; fileRef = 39CDFADB211EEB4F0070839E /* DataCell.xib */; };
		39CDFAE0211EED4E0070839E /* UsersViewController.swift in Sources */ = {isa = PBXBuildFile; fileRef = 39CDFADF211EED4E0070839E /* UsersViewController.swift */; };
		39CDFAEA212706F00070839E /* DetailViewController.swift in Sources */ = {isa = PBXBuildFile; fileRef = 39CDFAE9212706F00070839E /* DetailViewController.swift */; };
		DC43DC3E169880EC3E33AFA6 /* Pods_moovel.framework in Frameworks */ = {isa = PBXBuildFile; fileRef = 682BDC3044E1FF43781D3676 /* Pods_moovel.framework */; };
/* End PBXBuildFile section */

/* Begin PBXFileReference section */
		01AF4C94D67749FDD7604D96 /* Pods-moovel.release.xcconfig */ = {isa = PBXFileReference; includeInIndex = 1; lastKnownFileType = text.xcconfig; name = "Pods-moovel.release.xcconfig"; path = "Pods/Target Support Files/Pods-moovel/Pods-moovel.release.xcconfig"; sourceTree = "<group>"; };
		39CDFAC5211EEB0C0070839E /* moovel.app */ = {isa = PBXFileReference; explicitFileType = wrapper.application; includeInIndex = 0; path = moovel.app; sourceTree = BUILT_PRODUCTS_DIR; };
		39CDFAC8211EEB0C0070839E /* AppDelegate.swift */ = {isa = PBXFileReference; lastKnownFileType = sourcecode.swift; path = AppDelegate.swift; sourceTree = "<group>"; };
		39CDFACD211EEB0C0070839E /* Base */ = {isa = PBXFileReference; lastKnownFileType = file.storyboard; name = Base; path = Base.lproj/Main.storyboard; sourceTree = "<group>"; };
		39CDFACF211EEB0D0070839E /* Assets.xcassets */ = {isa = PBXFileReference; lastKnownFileType = folder.assetcatalog; path = Assets.xcassets; sourceTree = "<group>"; };
		39CDFAD2211EEB0D0070839E /* Base */ = {isa = PBXFileReference; lastKnownFileType = file.storyboard; name = Base; path = Base.lproj/LaunchScreen.storyboard; sourceTree = "<group>"; };
		39CDFAD4211EEB0D0070839E /* Info.plist */ = {isa = PBXFileReference; lastKnownFileType = text.plist.xml; path = Info.plist; sourceTree = "<group>"; };
		39CDFADA211EEB4F0070839E /* DataCell.swift */ = {isa = PBXFileReference; lastKnownFileType = sourcecode.swift; path = DataCell.swift; sourceTree = "<group>"; };
		39CDFADB211EEB4F0070839E /* DataCell.xib */ = {isa = PBXFileReference; lastKnownFileType = file.xib; path = DataCell.xib; sourceTree = "<group>"; };
		39CDFADF211EED4E0070839E /* UsersViewController.swift */ = {isa = PBXFileReference; lastKnownFileType = sourcecode.swift; path = UsersViewController.swift; sourceTree = "<group>"; };
		39CDFAE9212706F00070839E /* DetailViewController.swift */ = {isa = PBXFileReference; lastKnownFileType = sourcecode.swift; path = DetailViewController.swift; sourceTree = "<group>"; };
		43328678C1D6792272D9B3C5 /* Pods-moovel.debug.xcconfig */ = {isa = PBXFileReference; includeInIndex = 1; lastKnownFileType = text.xcconfig; name = "Pods-moovel.debug.xcconfig"; path = "Pods/Target Support Files/Pods-moovel/Pods-moovel.debug.xcconfig"; sourceTree = "<group>"; };
		682BDC3044E1FF43781D3676 /* Pods_moovel.framework */ = {isa = PBXFileReference; explicitFileType = wrapper.framework; includeInIndex = 0; path = Pods_moovel.framework; sourceTree = BUILT_PRODUCTS_DIR; };
/* End PBXFileReference section */

/* Begin PBXFrameworksBuildPhase section */
		39CDFAC2211EEB0C0070839E /* Frameworks */ = {
			isa = PBXFrameworksBuildPhase;
			buildActionMask = 2147483647;
			files = (
				DC43DC3E169880EC3E33AFA6 /* Pods_moovel.framework in Frameworks */,
			);
			runOnlyForDeploymentPostprocessing = 0;
		};
/* End PBXFrameworksBuildPhase section */

/* Begin PBXGroup section */
		39CDFABC211EEB0C0070839E = {
			isa = PBXGroup;
			children = (
				39CDFAC7211EEB0C0070839E /* moovel */,
				39CDFAC6211EEB0C0070839E /* Products */,
				AE5EC961051535A292476184 /* Pods */,
				70A2F26D9FD30254D12B897F /* Frameworks */,
			);
			sourceTree = "<group>";
		};
		39CDFAC6211EEB0C0070839E /* Products */ = {
			isa = PBXGroup;
			children = (
				39CDFAC5211EEB0C0070839E /* moovel.app */,
			);
			name = Products;
			sourceTree = "<group>";
		};
		39CDFAC7211EEB0C0070839E /* moovel */ = {
			isa = PBXGroup;
			children = (
				39CDFAC8211EEB0C0070839E /* AppDelegate.swift */,
				39CDFAE4211F10EB0070839E /* mdoel */,
				39CDFAE6211F11110070839E /* view */,
				39CDFAE5211F10F30070839E /* controller */,
				39CDFAE3211F10D70070839E /* supporting files */,
				39CDFAD4211EEB0D0070839E /* Info.plist */,
			);
			path = moovel;
			sourceTree = "<group>";
		};
		39CDFADE211EEB640070839E /* DataCell */ = {
			isa = PBXGroup;
			children = (
				39CDFADA211EEB4F0070839E /* DataCell.swift */,
				39CDFADB211EEB4F0070839E /* DataCell.xib */,
			);
			path = DataCell;
			sourceTree = "<group>";
		};
		39CDFAE3211F10D70070839E /* supporting files */ = {
			isa = PBXGroup;
			children = (
				39CDFAD1211EEB0D0070839E /* LaunchScreen.storyboard */,
				39CDFACF211EEB0D0070839E /* Assets.xcassets */,
			);
			path = "supporting files";
			sourceTree = "<group>";
		};
		39CDFAE4211F10EB0070839E /* mdoel */ = {
			isa = PBXGroup;
			children = (
			);
			path = mdoel;
			sourceTree = "<group>";
		};
		39CDFAE5211F10F30070839E /* controller */ = {
			isa = PBXGroup;
			children = (
				39CDFADF211EED4E0070839E /* UsersViewController.swift */,
				39CDFAE9212706F00070839E /* DetailViewController.swift */,
			);
			path = controller;
			sourceTree = "<group>";
		};
		39CDFAE6211F11110070839E /* view */ = {
			isa = PBXGroup;
			children = (
				39CDFADE211EEB640070839E /* DataCell */,
				39CDFACC211EEB0C0070839E /* Main.storyboard */,
			);
			path = view;
			sourceTree = "<group>";
		};
		70A2F26D9FD30254D12B897F /* Frameworks */ = {
			isa = PBXGroup;
			children = (
				682BDC3044E1FF43781D3676 /* Pods_moovel.framework */,
			);
			name = Frameworks;
			sourceTree = "<group>";
		};
		AE5EC961051535A292476184 /* Pods */ = {
			isa = PBXGroup;
			children = (
				43328678C1D6792272D9B3C5 /* Pods-moovel.debug.xcconfig */,
				01AF4C94D67749FDD7604D96 /* Pods-moovel.release.xcconfig */,
			);
			name = Pods;
			sourceTree = "<group>";
		};
/* End PBXGroup section */

/* Begin PBXNativeTarget section */
		39CDFAC4211EEB0C0070839E /* moovel */ = {
			isa = PBXNativeTarget;
			buildConfigurationList = 39CDFAD7211EEB0D0070839E /* Build configuration list for PBXNativeTarget "moovel" */;
			buildPhases = (
				73A4E123B1DF4D82710B6E6E /* [CP] Check Pods Manifest.lock */,
				39CDFAC1211EEB0C0070839E /* Sources */,
				39CDFAC2211EEB0C0070839E /* Frameworks */,
				39CDFAC3211EEB0C0070839E /* Resources */,
				F7CB7267D25BF34B44FE6A50 /* [CP] Embed Pods Frameworks */,
			);
			buildRules = (
			);
			dependencies = (
			);
			name = moovel;
			productName = moovel;
			productReference = 39CDFAC5211EEB0C0070839E /* moovel.app */;
			productType = "com.apple.product-type.application";
		};
/* End PBXNativeTarget section */

/* Begin PBXProject section */
		39CDFABD211EEB0C0070839E /* Project object */ = {
			isa = PBXProject;
			attributes = {
				LastSwiftUpdateCheck = 0940;
				LastUpgradeCheck = 0940;
				ORGANIZATIONNAME = vahid;
				TargetAttributes = {
					39CDFAC4211EEB0C0070839E = {
						CreatedOnToolsVersion = 9.4.1;
					};
				};
			};
			buildConfigurationList = 39CDFAC0211EEB0C0070839E /* Build configuration list for PBXProject "moovel" */;
			compatibilityVersion = "Xcode 9.3";
			developmentRegion = en;
			hasScannedForEncodings = 0;
			knownRegions = (
				en,
				Base,
			);
			mainGroup = 39CDFABC211EEB0C0070839E;
			productRefGroup = 39CDFAC6211EEB0C0070839E /* Products */;
			projectDirPath = "";
			projectRoot = "";
			targets = (
				39CDFAC4211EEB0C0070839E /* moovel */,
			);
		};
/* End PBXProject section */

/* Begin PBXResourcesBuildPhase section */
		39CDFAC3211EEB0C0070839E /* Resources */ = {
			isa = PBXResourcesBuildPhase;
			buildActionMask = 2147483647;
			files = (
				39CDFAD3211EEB0D0070839E /* LaunchScreen.storyboard in Resources */,
				39CDFAD0211EEB0D0070839E /* Assets.xcassets in Resources */,
				39CDFACE211EEB0C0070839E /* Main.storyboard in Resources */,
				39CDFADD211EEB4F0070839E /* DataCell.xib in Resources */,
			);
			runOnlyForDeploymentPostprocessing = 0;
		};
/* End PBXResourcesBuildPhase section */

/* Begin PBXShellScriptBuildPhase section */
		73A4E123B1DF4D82710B6E6E /* [CP] Check Pods Manifest.lock */ = {
			isa = PBXShellScriptBuildPhase;
			buildActionMask = 2147483647;
			files = (
			);
			inputPaths = (
				"${PODS_PODFILE_DIR_PATH}/Podfile.lock",
				"${PODS_ROOT}/Manifest.lock",
			);
			name = "[CP] Check Pods Manifest.lock";
			outputPaths = (
				"$(DERIVED_FILE_DIR)/Pods-moovel-checkManifestLockResult.txt",
			);
			runOnlyForDeploymentPostprocessing = 0;
			shellPath = /bin/sh;
			shellScript = "diff \"${PODS_PODFILE_DIR_PATH}/Podfile.lock\" \"${PODS_ROOT}/Manifest.lock\" > /dev/null\nif [ $? != 0 ] ; then\n    # print error to STDERR\n    echo \"error: The sandbox is not in sync with the Podfile.lock. Run 'pod install' or update your CocoaPods installation.\" >&2\n    exit 1\nfi\n# This output is used by Xcode 'outputs' to avoid re-running this script phase.\necho \"SUCCESS\" > \"${SCRIPT_OUTPUT_FILE_0}\"\n";
			showEnvVarsInLog = 0;
		};
		F7CB7267D25BF34B44FE6A50 /* [CP] Embed Pods Frameworks */ = {
			isa = PBXShellScriptBuildPhase;
			buildActionMask = 2147483647;
			files = (
			);
			inputPaths = (
				"${SRCROOT}/Pods/Target Support Files/Pods-moovel/Pods-moovel-frameworks.sh",
				"${BUILT_PRODUCTS_DIR}/Alamofire/Alamofire.framework",
				"${BUILT_PRODUCTS_DIR}/RxAlamofire/RxAlamofire.framework",
				"${BUILT_PRODUCTS_DIR}/RxCocoa/RxCocoa.framework",
				"${BUILT_PRODUCTS_DIR}/RxSwift/RxSwift.framework",
				"${BUILT_PRODUCTS_DIR}/SVProgressHUD/SVProgressHUD.framework",
				"${BUILT_PRODUCTS_DIR}/SwiftyJSON/SwiftyJSON.framework",
			);
			name = "[CP] Embed Pods Frameworks";
			outputPaths = (
				"${TARGET_BUILD_DIR}/${FRAMEWORKS_FOLDER_PATH}/Alamofire.framework",
				"${TARGET_BUILD_DIR}/${FRAMEWORKS_FOLDER_PATH}/RxAlamofire.framework",
				"${TARGET_BUILD_DIR}/${FRAMEWORKS_FOLDER_PATH}/RxCocoa.framework",
				"${TARGET_BUILD_DIR}/${FRAMEWORKS_FOLDER_PATH}/RxSwift.framework",
				"${TARGET_BUILD_DIR}/${FRAMEWORKS_FOLDER_PATH}/SVProgressHUD.framework",
				"${TARGET_BUILD_DIR}/${FRAMEWORKS_FOLDER_PATH}/SwiftyJSON.framework",
			);
			runOnlyForDeploymentPostprocessing = 0;
			shellPath = /bin/sh;
			shellScript = "\"${SRCROOT}/Pods/Target Support Files/Pods-moovel/Pods-moovel-frameworks.sh\"\n";
			showEnvVarsInLog = 0;
		};
/* End PBXShellScriptBuildPhase section */

/* Begin PBXSourcesBuildPhase section */
		39CDFAC1211EEB0C0070839E /* Sources */ = {
			isa = PBXSourcesBuildPhase;
			buildActionMask = 2147483647;
			files = (
				39CDFAE0211EED4E0070839E /* UsersViewController.swift in Sources */,
				39CDFADC211EEB4F0070839E /* DataCell.swift in Sources */,
				39CDFAC9211EEB0C0070839E /* AppDelegate.swift in Sources */,
				39CDFAEA212706F00070839E /* DetailViewController.swift in Sources */,
			);
			runOnlyForDeploymentPostprocessing = 0;
		};
/* End PBXSourcesBuildPhase section */

/* Begin PBXVariantGroup section */
		39CDFACC211EEB0C0070839E /* Main.storyboard */ = {
			isa = PBXVariantGroup;
			children = (
				39CDFACD211EEB0C0070839E /* Base */,
			);
			name = Main.storyboard;
			sourceTree = "<group>";
		};
		39CDFAD1211EEB0D0070839E /* LaunchScreen.storyboard */ = {
			isa = PBXVariantGroup;
			children = (
				39CDFAD2211EEB0D0070839E /* Base */,
			);
			name = LaunchScreen.storyboard;
			sourceTree = "<group>";
		};
/* End PBXVariantGroup section */

/* Begin XCBuildConfiguration section */
		39CDFAD5211EEB0D0070839E /* Debug */ = {
			isa = XCBuildConfiguration;
			buildSettings = {
				ALWAYS_SEARCH_USER_PATHS = NO;
				CLANG_ANALYZER_NONNULL = YES;
				CLANG_ANALYZER_NUMBER_OBJECT_CONVERSION = YES_AGGRESSIVE;
				CLANG_CXX_LANGUAGE_STANDARD = "gnu++14";
				CLANG_CXX_LIBRARY = "libc++";
				CLANG_ENABLE_MODULES = YES;
				CLANG_ENABLE_OBJC_ARC = YES;
				CLANG_ENABLE_OBJC_WEAK = YES;
				CLANG_WARN_BLOCK_CAPTURE_AUTORELEASING = YES;
				CLANG_WARN_BOOL_CONVERSION = YES;
				CLANG_WARN_COMMA = YES;
				CLANG_WARN_CONSTANT_CONVERSION = YES;
				CLANG_WARN_DEPRECATED_OBJC_IMPLEMENTATIONS = YES;
				CLANG_WARN_DIRECT_OBJC_ISA_USAGE = YES_ERROR;
				CLANG_WARN_DOCUMENTATION_COMMENTS = YES;
				CLANG_WARN_EMPTY_BODY = YES;
				CLANG_WARN_ENUM_CONVERSION = YES;
				CLANG_WARN_INFINITE_RECURSION = YES;
				CLANG_WARN_INT_CONVERSION = YES;
				CLANG_WARN_NON_LITERAL_NULL_CONVERSION = YES;
				CLANG_WARN_OBJC_IMPLICIT_RETAIN_SELF = YES;
				CLANG_WARN_OBJC_LITERAL_CONVERSION = YES;
				CLANG_WARN_OBJC_ROOT_CLASS = YES_ERROR;
				CLANG_WARN_RANGE_LOOP_ANALYSIS = YES;
				CLANG_WARN_STRICT_PROTOTYPES = YES;
				CLANG_WARN_SUSPICIOUS_MOVE = YES;
				CLANG_WARN_UNGUARDED_AVAILABILITY = YES_AGGRESSIVE;
				CLANG_WARN_UNREACHABLE_CODE = YES;
				CLANG_WARN__DUPLICATE_METHOD_MATCH = YES;
				CODE_SIGN_IDENTITY = "iPhone Developer";
				COPY_PHASE_STRIP = NO;
				DEBUG_INFORMATION_FORMAT = dwarf;
				ENABLE_STRICT_OBJC_MSGSEND = YES;
				ENABLE_TESTABILITY = YES;
				GCC_C_LANGUAGE_STANDARD = gnu11;
				GCC_DYNAMIC_NO_PIC = NO;
				GCC_NO_COMMON_BLOCKS = YES;
				GCC_OPTIMIZATION_LEVEL = 0;
				GCC_PREPROCESSOR_DEFINITIONS = (
					"DEBUG=1",
					"$(inherited)",
				);
				GCC_WARN_64_TO_32_BIT_CONVERSION = YES;
				GCC_WARN_ABOUT_RETURN_TYPE = YES_ERROR;
				GCC_WARN_UNDECLARED_SELECTOR = YES;
				GCC_WARN_UNINITIALIZED_AUTOS = YES_AGGRESSIVE;
				GCC_WARN_UNUSED_FUNCTION = YES;
				GCC_WARN_UNUSED_VARIABLE = YES;
				IPHONEOS_DEPLOYMENT_TARGET = 11.4;
				MTL_ENABLE_DEBUG_INFO = YES;
				ONLY_ACTIVE_ARCH = YES;
				SDKROOT = iphoneos;
				SWIFT_ACTIVE_COMPILATION_CONDITIONS = DEBUG;
				SWIFT_OPTIMIZATION_LEVEL = "-Onone";
			};
			name = Debug;
		};
		39CDFAD6211EEB0D0070839E /* Release */ = {
			isa = XCBuildConfiguration;
			buildSettings = {
				ALWAYS_SEARCH_USER_PATHS = NO;
				CLANG_ANALYZER_NONNULL = YES;
				CLANG_ANALYZER_NUMBER_OBJECT_CONVERSION = YES_AGGRESSIVE;
				CLANG_CXX_LANGUAGE_STANDARD = "gnu++14";
				CLANG_CXX_LIBRARY = "libc++";
				CLANG_ENABLE_MODULES = YES;
				CLANG_ENABLE_OBJC_ARC = YES;
				CLANG_ENABLE_OBJC_WEAK = YES;
				CLANG_WARN_BLOCK_CAPTURE_AUTORELEASING = YES;
				CLANG_WARN_BOOL_CONVERSION = YES;
				CLANG_WARN_COMMA = YES;
				CLANG_WARN_CONSTANT_CONVERSION = YES;
				CLANG_WARN_DEPRECATED_OBJC_IMPLEMENTATIONS = YES;
				CLANG_WARN_DIRECT_OBJC_ISA_USAGE = YES_ERROR;
				CLANG_WARN_DOCUMENTATION_COMMENTS = YES;
				CLANG_WARN_EMPTY_BODY = YES;
				CLANG_WARN_ENUM_CONVERSION = YES;
				CLANG_WARN_INFINITE_RECURSION = YES;
				CLANG_WARN_INT_CONVERSION = YES;
				CLANG_WARN_NON_LITERAL_NULL_CONVERSION = YES;
				CLANG_WARN_OBJC_IMPLICIT_RETAIN_SELF = YES;
				CLANG_WARN_OBJC_LITERAL_CONVERSION = YES;
				CLANG_WARN_OBJC_ROOT_CLASS = YES_ERROR;
				CLANG_WARN_RANGE_LOOP_ANALYSIS = YES;
				CLANG_WARN_STRICT_PROTOTYPES = YES;
				CLANG_WARN_SUSPICIOUS_MOVE = YES;
				CLANG_WARN_UNGUARDED_AVAILABILITY = YES_AGGRESSIVE;
				CLANG_WARN_UNREACHABLE_CODE = YES;
				CLANG_WARN__DUPLICATE_METHOD_MATCH = YES;
				CODE_SIGN_IDENTITY = "iPhone Developer";
				COPY_PHASE_STRIP = NO;
				DEBUG_INFORMATION_FORMAT = "dwarf-with-dsym";
				ENABLE_NS_ASSERTIONS = NO;
				ENABLE_STRICT_OBJC_MSGSEND = YES;
				GCC_C_LANGUAGE_STANDARD = gnu11;
				GCC_NO_COMMON_BLOCKS = YES;
				GCC_WARN_64_TO_32_BIT_CONVERSION = YES;
				GCC_WARN_ABOUT_RETURN_TYPE = YES_ERROR;
				GCC_WARN_UNDECLARED_SELECTOR = YES;
				GCC_WARN_UNINITIALIZED_AUTOS = YES_AGGRESSIVE;
				GCC_WARN_UNUSED_FUNCTION = YES;
				GCC_WARN_UNUSED_VARIABLE = YES;
				IPHONEOS_DEPLOYMENT_TARGET = 11.4;
				MTL_ENABLE_DEBUG_INFO = NO;
				SDKROOT = iphoneos;
				SWIFT_COMPILATION_MODE = wholemodule;
				SWIFT_OPTIMIZATION_LEVEL = "-O";
				VALIDATE_PRODUCT = YES;
			};
			name = Release;
		};
		39CDFAD8211EEB0D0070839E /* Debug */ = {
			isa = XCBuildConfiguration;
			baseConfigurationReference = 43328678C1D6792272D9B3C5 /* Pods-moovel.debug.xcconfig */;
			buildSettings = {
				ASSETCATALOG_COMPILER_APPICON_NAME = AppIcon;
				CODE_SIGN_STYLE = Automatic;
				INFOPLIST_FILE = moovel/Info.plist;
				LD_RUNPATH_SEARCH_PATHS = (
					"$(inherited)",
					"@executable_path/Frameworks",
				);
				PRODUCT_BUNDLE_IDENTIFIER = de.hft.moovel;
				PRODUCT_NAME = "$(TARGET_NAME)";
				SWIFT_VERSION = 4.0;
				TARGETED_DEVICE_FAMILY = "1,2";
			};
			name = Debug;
		};
		39CDFAD9211EEB0D0070839E /* Release */ = {
			isa = XCBuildConfiguration;
			baseConfigurationReference = 01AF4C94D67749FDD7604D96 /* Pods-moovel.release.xcconfig */;
			buildSettings = {
				ASSETCATALOG_COMPILER_APPICON_NAME = AppIcon;
				CODE_SIGN_STYLE = Automatic;
				INFOPLIST_FILE = moovel/Info.plist;
				LD_RUNPATH_SEARCH_PATHS = (
					"$(inherited)",
					"@executable_path/Frameworks",
				);
				PRODUCT_BUNDLE_IDENTIFIER = de.hft.moovel;
				PRODUCT_NAME = "$(TARGET_NAME)";
				SWIFT_VERSION = 4.0;
				TARGETED_DEVICE_FAMILY = "1,2";
			};
			name = Release;
		};
/* End XCBuildConfiguration section */

/* Begin XCConfigurationList section */
		39CDFAC0211EEB0C0070839E /* Build configuration list for PBXProject "moovel" */ = {
			isa = XCConfigurationList;
			buildConfigurations = (
				39CDFAD5211EEB0D0070839E /* Debug */,
				39CDFAD6211EEB0D0070839E /* Release */,
			);
			defaultConfigurationIsVisible = 0;
			defaultConfigurationName = Release;
		};
		39CDFAD7211EEB0D0070839E /* Build configuration list for PBXNativeTarget "moovel" */ = {
			isa = XCConfigurationList;
			buildConfigurations = (
				39CDFAD8211EEB0D0070839E /* Debug */,
				39CDFAD9211EEB0D0070839E /* Release */,
			);
			defaultConfigurationIsVisible = 0;
			defaultConfigurationName = Release;
		};
/* End XCConfigurationList section */
	};
	rootObject = 39CDFABD211EEB0C0070839E /* Project object */;
}
